// !$*UTF8*$!
{
	archiveVersion = 1;
	classes = {
	};
	objectVersion = 46;
	objects = {

/* Begin PBXBuildFile section */
		D208938F17325DB700533ACB /* Test.m in Sources */ = {isa = PBXBuildFile; fileRef = D208938E17325DB700533ACB /* Test.m */; };
		D208939717325EE300533ACB /* button_select_normal.png in Resources */ = {isa = PBXBuildFile; fileRef = D208939617325EE300533ACB /* button_select_normal.png */; };
		D2958B4C17325906004ED62C /* UIKit.framework in Frameworks */ = {isa = PBXBuildFile; fileRef = D2958B4B17325906004ED62C /* UIKit.framework */; };
		D2958B4E17325906004ED62C /* Foundation.framework in Frameworks */ = {isa = PBXBuildFile; fileRef = D2958B4D17325906004ED62C /* Foundation.framework */; };
		D2958B5017325906004ED62C /* CoreGraphics.framework in Frameworks */ = {isa = PBXBuildFile; fileRef = D2958B4F17325906004ED62C /* CoreGraphics.framework */; };
		D2958B5617325906004ED62C /* InfoPlist.strings in Resources */ = {isa = PBXBuildFile; fileRef = D2958B5417325906004ED62C /* InfoPlist.strings */; };
		D2958B5817325906004ED62C /* main.m in Sources */ = {isa = PBXBuildFile; fileRef = D2958B5717325906004ED62C /* main.m */; };
		D2958B5C17325906004ED62C /* AppDelegate.m in Sources */ = {isa = PBXBuildFile; fileRef = D2958B5B17325906004ED62C /* AppDelegate.m */; };
		D2958B5F17325906004ED62C /* MainStoryboard.storyboard in Resources */ = {isa = PBXBuildFile; fileRef = D2958B5D17325906004ED62C /* MainStoryboard.storyboard */; };
		D2958B6217325906004ED62C /* ViewController.m in Sources */ = {isa = PBXBuildFile; fileRef = D2958B6117325906004ED62C /* ViewController.m */; };
/* End PBXBuildFile section */

/* Begin PBXFileReference section */
		D208938D17325DB700533ACB /* Test.h */ = {isa = PBXFileReference; fileEncoding = 4; lastKnownFileType = sourcecode.c.h; path = Test.h; sourceTree = "<group>"; };
		D208938E17325DB700533ACB /* Test.m */ = {isa = PBXFileReference; fileEncoding = 4; lastKnownFileType = sourcecode.c.objc; path = Test.m; sourceTree = "<group>"; };
		D208939617325EE300533ACB /* button_select_normal.png */ = {isa = PBXFileReference; lastKnownFileType = image.png; path = button_select_normal.png; sourceTree = "<group>"; };
		D2958B4717325906004ED62C /* ReaderBak.app */ = {isa = PBXFileReference; explicitFileType = wrapper.application; includeInIndex = 0; path = ReaderBak.app; sourceTree = BUILT_PRODUCTS_DIR; };
		D2958B4B17325906004ED62C /* UIKit.framework */ = {isa = PBXFileReference; lastKnownFileType = wrapper.framework; name = UIKit.framework; path = System/Library/Frameworks/UIKit.framework; sourceTree = SDKROOT; };
		D2958B4D17325906004ED62C /* Foundation.framework */ = {isa = PBXFileReference; lastKnownFileType = wrapper.framework; name = Foundation.framework; path = System/Library/Frameworks/Foundation.framework; sourceTree = SDKROOT; };
		D2958B4F17325906004ED62C /* CoreGraphics.framework */ = {isa = PBXFileReference; lastKnownFileType = wrapper.framework; name = CoreGraphics.framework; path = System/Library/Frameworks/CoreGraphics.framework; sourceTree = SDKROOT; };
		D2958B5317325906004ED62C /* ReaderBak-Info.plist */ = {isa = PBXFileReference; lastKnownFileType = text.plist.xml; path = "ReaderBak-Info.plist"; sourceTree = "<group>"; };
		D2958B5517325906004ED62C /* en */ = {isa = PBXFileReference; lastKnownFileType = text.plist.strings; name = en; path = en.lproj/InfoPlist.strings; sourceTree = "<group>"; };
		D2958B5717325906004ED62C /* main.m */ = {isa = PBXFileReference; lastKnownFileType = sourcecode.c.objc; path = main.m; sourceTree = "<group>"; };
		D2958B5917325906004ED62C /* ReaderBak-Prefix.pch */ = {isa = PBXFileReference; lastKnownFileType = sourcecode.c.h; path = "ReaderBak-Prefix.pch"; sourceTree = "<group>"; };
		D2958B5A17325906004ED62C /* AppDelegate.h */ = {isa = PBXFileReference; lastKnownFileType = sourcecode.c.h; path = AppDelegate.h; sourceTree = "<group>"; };
		D2958B5B17325906004ED62C /* AppDelegate.m */ = {isa = PBXFileReference; lastKnownFileType = sourcecode.c.objc; path = AppDelegate.m; sourceTree = "<group>"; };
		D2958B5E17325906004ED62C /* en */ = {isa = PBXFileReference; lastKnownFileType = file.storyboard; name = en; path = en.lproj/MainStoryboard.storyboard; sourceTree = "<group>"; };
		D2958B6017325906004ED62C /* ViewController.h */ = {isa = PBXFileReference; lastKnownFileType = sourcecode.c.h; path = ViewController.h; sourceTree = "<group>"; };
		D2958B6117325906004ED62C /* ViewController.m */ = {isa = PBXFileReference; lastKnownFileType = sourcecode.c.objc; path = ViewController.m; sourceTree = "<group>"; };
/* End PBXFileReference section */

/* Begin PBXFrameworksBuildPhase section */
		D2958B4417325906004ED62C /* Frameworks */ = {
			isa = PBXFrameworksBuildPhase;
			buildActionMask = 2147483647;
			files = (
				D2958B4C17325906004ED62C /* UIKit.framework in Frameworks */,
				D2958B4E17325906004ED62C /* Foundation.framework in Frameworks */,
				D2958B5017325906004ED62C /* CoreGraphics.framework in Frameworks */,
			);
			runOnlyForDeploymentPostprocessing = 0;
		};
/* End PBXFrameworksBuildPhase section */

/* Begin PBXGroup section */
		D208936B17325D2500533ACB /* Classes */ = {
			isa = PBXGroup;
			children = (
				D208936C17325D2500533ACB /* ios */,
			);
			name = Classes;
			path = ../Classes;
			sourceTree = "<group>";
		};
		D208936C17325D2500533ACB /* ios */ = {
			isa = PBXGroup;
			children = (
				D208938D17325DB700533ACB /* Test.h */,
				D208938E17325DB700533ACB /* Test.m */,
			);
			path = ios;
			sourceTree = "<group>";
		};
		D208936E17325D2E00533ACB /* Resources */ = {
			isa = PBXGroup;
			children = (
				D208939617325EE300533ACB /* button_select_normal.png */,
			);
			name = Resources;
			path = ../Resources;
			sourceTree = "<group>";
		};
		D2958B3C17325906004ED62C = {
			isa = PBXGroup;
			children = (
				D208936E17325D2E00533ACB /* Resources */,
				D208936B17325D2500533ACB /* Classes */,
				D2958B5117325906004ED62C /* ReaderBak */,
				D2958B4A17325906004ED62C /* Frameworks */,
				D2958B4817325906004ED62C /* Products */,
			);
			sourceTree = "<group>";
		};
		D2958B4817325906004ED62C /* Products */ = {
			isa = PBXGroup;
			children = (
				D2958B4717325906004ED62C /* ReaderBak.app */,
			);
			name = Products;
			sourceTree = "<group>";
		};
		D2958B4A17325906004ED62C /* Frameworks */ = {
			isa = PBXGroup;
			children = (
				D2958B4B17325906004ED62C /* UIKit.framework */,
				D2958B4D17325906004ED62C /* Foundation.framework */,
				D2958B4F17325906004ED62C /* CoreGraphics.framework */,
			);
			name = Frameworks;
			sourceTree = "<group>";
		};
		D2958B5117325906004ED62C /* ReaderBak */ = {
			isa = PBXGroup;
			children = (
				D2958B5A17325906004ED62C /* AppDelegate.h */,
				D2958B5B17325906004ED62C /* AppDelegate.m */,
				D2958B5D17325906004ED62C /* MainStoryboard.storyboard */,
				D2958B6017325906004ED62C /* ViewController.h */,
				D2958B6117325906004ED62C /* ViewController.m */,
				D2958B5217325906004ED62C /* Supporting Files */,
			);
			path = ReaderBak;
			sourceTree = "<group>";
		};
		D2958B5217325906004ED62C /* Supporting Files */ = {
			isa = PBXGroup;
			children = (
				D2958B5317325906004ED62C /* ReaderBak-Info.plist */,
				D2958B5417325906004ED62C /* InfoPlist.strings */,
				D2958B5717325906004ED62C /* main.m */,
				D2958B5917325906004ED62C /* ReaderBak-Prefix.pch */,
			);
			name = "Supporting Files";
			sourceTree = "<group>";
		};
/* End PBXGroup section */

/* Begin PBXNativeTarget section */
		D2958B4617325906004ED62C /* ReaderBak */ = {
			isa = PBXNativeTarget;
			buildConfigurationList = D2958B6517325906004ED62C /* Build configuration list for PBXNativeTarget "ReaderBak" */;
			buildPhases = (
				D2958B4317325906004ED62C /* Sources */,
				D2958B4417325906004ED62C /* Frameworks */,
				D2958B4517325906004ED62C /* Resources */,
			);
			buildRules = (
			);
			dependencies = (
			);
			name = ReaderBak;
			productName = ReaderBak;
			productReference = D2958B4717325906004ED62C /* ReaderBak.app */;
			productType = "com.apple.product-type.application";
		};
/* End PBXNativeTarget section */

/* Begin PBXProject section */
		D2958B3E17325906004ED62C /* Project object */ = {
			isa = PBXProject;
			attributes = {
				LastUpgradeCheck = 0430;
			};
			buildConfigurationList = D2958B4117325906004ED62C /* Build configuration list for PBXProject "ReaderBak" */;
			compatibilityVersion = "Xcode 3.2";
			developmentRegion = English;
			hasScannedForEncodings = 0;
			knownRegions = (
				en,
			);
			mainGroup = D2958B3C17325906004ED62C;
			productRefGroup = D2958B4817325906004ED62C /* Products */;
			projectDirPath = "";
			projectRoot = "";
			targets = (
				D2958B4617325906004ED62C /* ReaderBak */,
			);
		};
/* End PBXProject section */

/* Begin PBXResourcesBuildPhase section */
		D2958B4517325906004ED62C /* Resources */ = {
			isa = PBXResourcesBuildPhase;
			buildActionMask = 2147483647;
			files = (
				D2958B5617325906004ED62C /* InfoPlist.strings in Resources */,
				D2958B5F17325906004ED62C /* MainStoryboard.storyboard in Resources */,
				D208939717325EE300533ACB /* button_select_normal.png in Resources */,
			);
			runOnlyForDeploymentPostprocessing = 0;
		};
/* End PBXResourcesBuildPhase section */

/* Begin PBXSourcesBuildPhase section */
		D2958B4317325906004ED62C /* Sources */ = {
			isa = PBXSourcesBuildPhase;
			buildActionMask = 2147483647;
			files = (
				D2958B5817325906004ED62C /* main.m in Sources */,
				D2958B5C17325906004ED62C /* AppDelegate.m in Sources */,
				D2958B6217325906004ED62C /* ViewController.m in Sources */,
				D208938F17325DB700533ACB /* Test.m in Sources */,
			);
			runOnlyForDeploymentPostprocessing = 0;
		};
/* End PBXSourcesBuildPhase section */

/* Begin PBXVariantGroup section */
		D2958B5417325906004ED62C /* InfoPlist.strings */ = {
			isa = PBXVariantGroup;
			children = (
				D2958B5517325906004ED62C /* en */,
			);
			name = InfoPlist.strings;
			sourceTree = "<group>";
		};
		D2958B5D17325906004ED62C /* MainStoryboard.storyboard */ = {
			isa = PBXVariantGroup;
			children = (
				D2958B5E17325906004ED62C /* en */,
			);
			name = MainStoryboard.storyboard;
			sourceTree = "<group>";
		};
/* End PBXVariantGroup section */

/* Begin XCBuildConfiguration section */
		D2958B6317325906004ED62C /* Debug */ = {
			isa = XCBuildConfiguration;
			buildSettings = {
				ALWAYS_SEARCH_USER_PATHS = NO;
				ARCHS = "$(ARCHS_STANDARD_32_BIT)";
				CLANG_ENABLE_OBJC_ARC = YES;
				"CODE_SIGN_IDENTITY[sdk=iphoneos*]" = "iPhone Developer";
				COPY_PHASE_STRIP = NO;
				GCC_C_LANGUAGE_STANDARD = gnu99;
				GCC_DYNAMIC_NO_PIC = NO;
				GCC_OPTIMIZATION_LEVEL = 0;
				GCC_PREPROCESSOR_DEFINITIONS = (
					"DEBUG=1",
					"$(inherited)",
				);
				GCC_SYMBOLS_PRIVATE_EXTERN = NO;
				GCC_VERSION = com.apple.compilers.llvm.clang.1_0;
				GCC_WARN_ABOUT_RETURN_TYPE = YES;
				GCC_WARN_UNINITIALIZED_AUTOS = YES;
				GCC_WARN_UNUSED_VARIABLE = YES;
				IPHONEOS_DEPLOYMENT_TARGET = 5.0;
				SDKROOT = iphoneos;
				TARGETED_DEVICE_FAMILY = 2;
			};
			name = Debug;
		};
		D2958B6417325906004ED62C /* Release */ = {
			isa = XCBuildConfiguration;
			buildSettings = {
				ALWAYS_SEARCH_USER_PATHS = NO;
				ARCHS = "$(ARCHS_STANDARD_32_BIT)";
				CLANG_ENABLE_OBJC_ARC = YES;
				"CODE_SIGN_IDENTITY[sdk=iphoneos*]" = "iPhone Developer";
				COPY_PHASE_STRIP = YES;
				GCC_C_LANGUAGE_STANDARD = gnu99;
				GCC_VERSION = com.apple.compilers.llvm.clang.1_0;
				GCC_WARN_ABOUT_RETURN_TYPE = YES;
				GCC_WARN_UNINITIALIZED_AUTOS = YES;
				GCC_WARN_UNUSED_VARIABLE = YES;
				IPHONEOS_DEPLOYMENT_TARGET = 5.0;
				OTHER_CFLAGS = "-DNS_BLOCK_ASSERTIONS=1";
				SDKROOT = iphoneos;
				TARGETED_DEVICE_FAMILY = 2;
				VALIDATE_PRODUCT = YES;
			};
			name = Release;
		};
		D2958B6617325906004ED62C /* Debug */ = {
			isa = XCBuildConfiguration;
			buildSettings = {
				GCC_PRECOMPILE_PREFIX_HEADER = YES;
				GCC_PREFIX_HEADER = "ReaderBak/ReaderBak-Prefix.pch";
				INFOPLIST_FILE = "ReaderBak/ReaderBak-Info.plist";
				PRODUCT_NAME = "$(TARGET_NAME)";
				USER_HEADER_SEARCH_PATHS = "";
				WRAPPER_EXTENSION = app;
			};
			name = Debug;
		};
		D2958B6717325906004ED62C /* Release */ = {
			isa = XCBuildConfiguration;
			buildSettings = {
				GCC_PRECOMPILE_PREFIX_HEADER = YES;
				GCC_PREFIX_HEADER = "ReaderBak/ReaderBak-Prefix.pch";
				INFOPLIST_FILE = "ReaderBak/ReaderBak-Info.plist";
				PRODUCT_NAME = "$(TARGET_NAME)";
				USER_HEADER_SEARCH_PATHS = "";
				WRAPPER_EXTENSION = app;
			};
			name = Release;
		};
/* End XCBuildConfiguration section */

/* Begin XCConfigurationList section */
		D2958B4117325906004ED62C /* Build configuration list for PBXProject "ReaderBak" */ = {
			isa = XCConfigurationList;
			buildConfigurations = (
				D2958B6317325906004ED62C /* Debug */,
				D2958B6417325906004ED62C /* Release */,
			);
			defaultConfigurationIsVisible = 0;
			defaultConfigurationName = Release;
		};
		D2958B6517325906004ED62C /* Build configuration list for PBXNativeTarget "ReaderBak" */ = {
			isa = XCConfigurationList;
			buildConfigurations = (
				D2958B6617325906004ED62C /* Debug */,
				D2958B6717325906004ED62C /* Release */,
			);
			defaultConfigurationIsVisible = 0;
			defaultConfigurationName = Release;
		};
/* End XCConfigurationList section */
	};
	rootObject = D2958B3E17325906004ED62C /* Project object */;
}
